// !$*UTF8*$!
{
	archiveVersion = 1;
	classes = {
	};
	objectVersion = 46;
	objects = {

/* Begin PBXBuildFile section */
		591FE5AB1E5696090052D71B /* AppDelegate.swift in Sources */ = {isa = PBXBuildFile; fileRef = 591FE5AA1E5696090052D71B /* AppDelegate.swift */; };
		591FE5AD1E5696090052D71B /* ViewController.swift in Sources */ = {isa = PBXBuildFile; fileRef = 591FE5AC1E5696090052D71B /* ViewController.swift */; };
		591FE5B01E5696090052D71B /* Main.storyboard in Resources */ = {isa = PBXBuildFile; fileRef = 591FE5AE1E5696090052D71B /* Main.storyboard */; };
		591FE5B21E5696090052D71B /* Assets.xcassets in Resources */ = {isa = PBXBuildFile; fileRef = 591FE5B11E5696090052D71B /* Assets.xcassets */; };
		591FE5B51E5696090052D71B /* LaunchScreen.storyboard in Resources */ = {isa = PBXBuildFile; fileRef = 591FE5B31E5696090052D71B /* LaunchScreen.storyboard */; };
		591FE5C01E56990F0052D71B /* LSTableViewKit.swift in Sources */ = {isa = PBXBuildFile; fileRef = 591FE5BF1E56990F0052D71B /* LSTableViewKit.swift */; };
/* End PBXBuildFile section */

/* Begin PBXFileReference section */
		591FE5A71E5696090052D71B /* LSTableViewKit.app */ = {isa = PBXFileReference; explicitFileType = wrapper.application; includeInIndex = 0; path = LSTableViewKit.app; sourceTree = BUILT_PRODUCTS_DIR; };
		591FE5AA1E5696090052D71B /* AppDelegate.swift */ = {isa = PBXFileReference; lastKnownFileType = sourcecode.swift; path = AppDelegate.swift; sourceTree = "<group>"; };
		591FE5AC1E5696090052D71B /* ViewController.swift */ = {isa = PBXFileReference; lastKnownFileType = sourcecode.swift; path = ViewController.swift; sourceTree = "<group>"; };
		591FE5AF1E5696090052D71B /* Base */ = {isa = PBXFileReference; lastKnownFileType = file.storyboard; name = Base; path = Base.lproj/Main.storyboard; sourceTree = "<group>"; };
		591FE5B11E5696090052D71B /* Assets.xcassets */ = {isa = PBXFileReference; lastKnownFileType = folder.assetcatalog; path = Assets.xcassets; sourceTree = "<group>"; };
		591FE5B41E5696090052D71B /* Base */ = {isa = PBXFileReference; lastKnownFileType = file.storyboard; name = Base; path = Base.lproj/LaunchScreen.storyboard; sourceTree = "<group>"; };
		591FE5B61E5696090052D71B /* Info.plist */ = {isa = PBXFileReference; lastKnownFileType = text.plist.xml; path = Info.plist; sourceTree = "<group>"; };
		591FE5BF1E56990F0052D71B /* LSTableViewKit.swift */ = {isa = PBXFileReference; fileEncoding = 4; lastKnownFileType = sourcecode.swift; path = LSTableViewKit.swift; sourceTree = "<group>"; };
/* End PBXFileReference section */

/* Begin PBXFrameworksBuildPhase section */
		591FE5A41E5696090052D71B /* Frameworks */ = {
			isa = PBXFrameworksBuildPhase;
			buildActionMask = 2147483647;
			files = (
			);
			runOnlyForDeploymentPostprocessing = 0;
		};
/* End PBXFrameworksBuildPhase section */

/* Begin PBXGroup section */
		591FE59E1E5696090052D71B = {
			isa = PBXGroup;
			children = (
				591FE5A91E5696090052D71B /* LSTableViewKit */,
				591FE5A81E5696090052D71B /* Products */,
			);
			sourceTree = "<group>";
		};
		591FE5A81E5696090052D71B /* Products */ = {
			isa = PBXGroup;
			children = (
				591FE5A71E5696090052D71B /* LSTableViewKit.app */,
			);
			name = Products;
			sourceTree = "<group>";
		};
		591FE5A91E5696090052D71B /* LSTableViewKit */ = {
			isa = PBXGroup;
			children = (
				591FE5BC1E5698EE0052D71B /* LSTableViewKit */,
				591FE5AA1E5696090052D71B /* AppDelegate.swift */,
				591FE5AC1E5696090052D71B /* ViewController.swift */,
				591FE5AE1E5696090052D71B /* Main.storyboard */,
				591FE5B11E5696090052D71B /* Assets.xcassets */,
				591FE5B31E5696090052D71B /* LaunchScreen.storyboard */,
				591FE5B61E5696090052D71B /* Info.plist */,
			);
			path = LSTableViewKit;
			sourceTree = "<group>";
		};
		591FE5BC1E5698EE0052D71B /* LSTableViewKit */ = {
			isa = PBXGroup;
			children = (
				591FE5BD1E5698EE0052D71B /* Model */,
				591FE5BE1E5698EE0052D71B /* View */,
				591FE5BF1E56990F0052D71B /* LSTableViewKit.swift */,
			);
			path = LSTableViewKit;
			sourceTree = "<group>";
		};
		591FE5BD1E5698EE0052D71B /* Model */ = {
			isa = PBXGroup;
			children = (
			);
			path = Model;
			sourceTree = "<group>";
		};
		591FE5BE1E5698EE0052D71B /* View */ = {
			isa = PBXGroup;
			children = (
			);
			path = View;
			sourceTree = "<group>";
		};
/* End PBXGroup section */

/* Begin PBXNativeTarget section */
		591FE5A61E5696090052D71B /* LSTableViewKit */ = {
			isa = PBXNativeTarget;
			buildConfigurationList = 591FE5B91E5696090052D71B /* Build configuration list for PBXNativeTarget "LSTableViewKit" */;
			buildPhases = (
				591FE5A31E5696090052D71B /* Sources */,
				591FE5A41E5696090052D71B /* Frameworks */,
				591FE5A51E5696090052D71B /* Resources */,
			);
			buildRules = (
			);
			dependencies = (
			);
			name = LSTableViewKit;
			productName = LSTableViewKit;
			productReference = 591FE5A71E5696090052D71B /* LSTableViewKit.app */;
			productType = "com.apple.product-type.application";
		};
/* End PBXNativeTarget section */

/* Begin PBXProject section */
		591FE59F1E5696090052D71B /* Project object */ = {
			isa = PBXProject;
			attributes = {
				LastSwiftUpdateCheck = 0820;
				LastUpgradeCheck = 0820;
				ORGANIZATIONNAME = "刘双";
				TargetAttributes = {
					591FE5A61E5696090052D71B = {
						CreatedOnToolsVersion = 8.2.1;
						DevelopmentTeam = K6N97V3R8K;
						ProvisioningStyle = Automatic;
					};
				};
			};
			buildConfigurationList = 591FE5A21E5696090052D71B /* Build configuration list for PBXProject "LSTableViewKit" */;
			compatibilityVersion = "Xcode 3.2";
			developmentRegion = English;
			hasScannedForEncodings = 0;
			knownRegions = (
				en,
				Base,
			);
			mainGroup = 591FE59E1E5696090052D71B;
			productRefGroup = 591FE5A81E5696090052D71B /* Products */;
			projectDirPath = "";
			projectRoot = "";
			targets = (
				591FE5A61E5696090052D71B /* LSTableViewKit */,
			);
		};
/* End PBXProject section */

/* Begin PBXResourcesBuildPhase section */
		591FE5A51E5696090052D71B /* Resources */ = {
			isa = PBXResourcesBuildPhase;
			buildActionMask = 2147483647;
			files = (
				591FE5B51E5696090052D71B /* LaunchScreen.storyboard in Resources */,
				591FE5B21E5696090052D71B /* Assets.xcassets in Resources */,
				591FE5B01E5696090052D71B /* Main.storyboard in Resources */,
			);
			runOnlyForDeploymentPostprocessing = 0;
		};
/* End PBXResourcesBuildPhase section */

/* Begin PBXSourcesBuildPhase section */
		591FE5A31E5696090052D71B /* Sources */ = {
			isa = PBXSourcesBuildPhase;
			buildActionMask = 2147483647;
			files = (
				591FE5C01E56990F0052D71B /* LSTableViewKit.swift in Sources */,
				591FE5AD1E5696090052D71B /* ViewController.swift in Sources */,
				591FE5AB1E5696090052D71B /* AppDelegate.swift in Sources */,
			);
			runOnlyForDeploymentPostprocessing = 0;
		};
/* End PBXSourcesBuildPhase section */

/* Begin PBXVariantGroup section */
		591FE5AE1E5696090052D71B /* Main.storyboard */ = {
			isa = PBXVariantGroup;
			children = (
				591FE5AF1E5696090052D71B /* Base */,
			);
			name = Main.storyboard;
			sourceTree = "<group>";
		};
		591FE5B31E5696090052D71B /* LaunchScreen.storyboard */ = {
			isa = PBXVariantGroup;
			children = (
				591FE5B41E5696090052D71B /* Base */,
			);
			name = LaunchScreen.storyboard;
			sourceTree = "<group>";
		};
/* End PBXVariantGroup section */

/* Begin XCBuildConfiguration section */
		591FE5B71E5696090052D71B /* Debug */ = {
			isa = XCBuildConfiguration;
			buildSettings = {
				ALWAYS_SEARCH_USER_PATHS = NO;
				CLANG_ANALYZER_NONNULL = YES;
				CLANG_CXX_LANGUAGE_STANDARD = "gnu++0x";
				CLANG_CXX_LIBRARY = "libc++";
				CLANG_ENABLE_MODULES = YES;
				CLANG_ENABLE_OBJC_ARC = YES;
				CLANG_WARN_BOOL_CONVERSION = YES;
				CLANG_WARN_CONSTANT_CONVERSION = YES;
				CLANG_WARN_DIRECT_OBJC_ISA_USAGE = YES_ERROR;
				CLANG_WARN_DOCUMENTATION_COMMENTS = YES;
				CLANG_WARN_EMPTY_BODY = YES;
				CLANG_WARN_ENUM_CONVERSION = YES;
				CLANG_WARN_INFINITE_RECURSION = YES;
				CLANG_WARN_INT_CONVERSION = YES;
				CLANG_WARN_OBJC_ROOT_CLASS = YES_ERROR;
				CLANG_WARN_SUSPICIOUS_MOVE = YES;
				CLANG_WARN_UNREACHABLE_CODE = YES;
				CLANG_WARN__DUPLICATE_METHOD_MATCH = YES;
				"CODE_SIGN_IDENTITY[sdk=iphoneos*]" = "iPhone Developer";
				COPY_PHASE_STRIP = NO;
				DEBUG_INFORMATION_FORMAT = dwarf;
				ENABLE_STRICT_OBJC_MSGSEND = YES;
				ENABLE_TESTABILITY = YES;
				GCC_C_LANGUAGE_STANDARD = gnu99;
				GCC_DYNAMIC_NO_PIC = NO;
				GCC_NO_COMMON_BLOCKS = YES;
				GCC_OPTIMIZATION_LEVEL = 0;
				GCC_PREPROCESSOR_DEFINITIONS = (
					"DEBUG=1",
					"$(inherited)",
				);
				GCC_WARN_64_TO_32_BIT_CONVERSION = YES;
				GCC_WARN_ABOUT_RETURN_TYPE = YES_ERROR;
				GCC_WARN_UNDECLARED_SELECTOR = YES;
				GCC_WARN_UNINITIALIZED_AUTOS = YES_AGGRESSIVE;
				GCC_WARN_UNUSED_FUNCTION = YES;
				GCC_WARN_UNUSED_VARIABLE = YES;
				IPHONEOS_DEPLOYMENT_TARGET = 10.2;
				MTL_ENABLE_DEBUG_INFO = YES;
				ONLY_ACTIVE_ARCH = YES;
				SDKROOT = iphoneos;
				SWIFT_ACTIVE_COMPILATION_CONDITIONS = DEBUG;
				SWIFT_OPTIMIZATION_LEVEL = "-Onone";
			};
			name = Debug;
		};
		591FE5B81E5696090052D71B /* Release */ = {
			isa = XCBuildConfiguration;
			buildSettings = {
				ALWAYS_SEARCH_USER_PATHS = NO;
				CLANG_ANALYZER_NONNULL = YES;
				CLANG_CXX_LANGUAGE_STANDARD = "gnu++0x";
				CLANG_CXX_LIBRARY = "libc++";
				CLANG_ENABLE_MODULES = YES;
				CLANG_ENABLE_OBJC_ARC = YES;
				CLANG_WARN_BOOL_CONVERSION = YES;
				CLANG_WARN_CONSTANT_CONVERSION = YES;
				CLANG_WARN_DIRECT_OBJC_ISA_USAGE = YES_ERROR;
				CLANG_WARN_DOCUMENTATION_COMMENTS = YES;
				CLANG_WARN_EMPTY_BODY = YES;
				CLANG_WARN_ENUM_CONVERSION = YES;
				CLANG_WARN_INFINITE_RECURSION = YES;
				CLANG_WARN_INT_CONVERSION = YES;
				CLANG_WARN_OBJC_ROOT_CLASS = YES_ERROR;
				CLANG_WARN_SUSPICIOUS_MOVE = YES;
				CLANG_WARN_UNREACHABLE_CODE = YES;
				CLANG_WARN__DUPLICATE_METHOD_MATCH = YES;
				"CODE_SIGN_IDENTITY[sdk=iphoneos*]" = "iPhone Developer";
				COPY_PHASE_STRIP = NO;
				DEBUG_INFORMATION_FORMAT = "dwarf-with-dsym";
				ENABLE_NS_ASSERTIONS = NO;
				ENABLE_STRICT_OBJC_MSGSEND = YES;
				GCC_C_LANGUAGE_STANDARD = gnu99;
				GCC_NO_COMMON_BLOCKS = YES;
				GCC_WARN_64_TO_32_BIT_CONVERSION = YES;
				GCC_WARN_ABOUT_RETURN_TYPE = YES_ERROR;
				GCC_WARN_UNDECLARED_SELECTOR = YES;
				GCC_WARN_UNINITIALIZED_AUTOS = YES_AGGRESSIVE;
				GCC_WARN_UNUSED_FUNCTION = YES;
				GCC_WARN_UNUSED_VARIABLE = YES;
				IPHONEOS_DEPLOYMENT_TARGET = 10.2;
				MTL_ENABLE_DEBUG_INFO = NO;
				SDKROOT = iphoneos;
				SWIFT_OPTIMIZATION_LEVEL = "-Owholemodule";
				VALIDATE_PRODUCT = YES;
			};
			name = Release;
		};
		591FE5BA1E5696090052D71B /* Debug */ = {
			isa = XCBuildConfiguration;
			buildSettings = {
				ASSETCATALOG_COMPILER_APPICON_NAME = AppIcon;
				DEVELOPMENT_TEAM = K6N97V3R8K;
				INFOPLIST_FILE = LSTableViewKit/Info.plist;
				IPHONEOS_DEPLOYMENT_TARGET = 8.0;
				LD_RUNPATH_SEARCH_PATHS = "$(inherited) @executable_path/Frameworks";
				PRODUCT_BUNDLE_IDENTIFIER = com.sliu.swift.LSTableViewKit;
				PRODUCT_NAME = "$(TARGET_NAME)";
				SWIFT_VERSION = 3.0;
			};
			name = Debug;
		};
		591FE5BB1E5696090052D71B /* Release */ = {
			isa = XCBuildConfiguration;
			buildSettings = {
				ASSETCATALOG_COMPILER_APPICON_NAME = AppIcon;
				DEVELOPMENT_TEAM = K6N97V3R8K;
				INFOPLIST_FILE = LSTableViewKit/Info.plist;
				IPHONEOS_DEPLOYMENT_TARGET = 8.0;
				LD_RUNPATH_SEARCH_PATHS = "$(inherited) @executable_path/Frameworks";
				PRODUCT_BUNDLE_IDENTIFIER = com.sliu.swift.LSTableViewKit;
				PRODUCT_NAME = "$(TARGET_NAME)";
				SWIFT_VERSION = 3.0;
			};
			name = Release;
		};
/* End XCBuildConfiguration section */

/* Begin XCConfigurationList section */
		591FE5A21E5696090052D71B /* Build configuration list for PBXProject "LSTableViewKit" */ = {
			isa = XCConfigurationList;
			buildConfigurations = (
				591FE5B71E5696090052D71B /* Debug */,
				591FE5B81E5696090052D71B /* Release */,
			);
			defaultConfigurationIsVisible = 0;
			defaultConfigurationName = Release;
		};
		591FE5B91E5696090052D71B /* Build configuration list for PBXNativeTarget "LSTableViewKit" */ = {
			isa = XCConfigurationList;
			buildConfigurations = (
				591FE5BA1E5696090052D71B /* Debug */,
				591FE5BB1E5696090052D71B /* Release */,
			);
			defaultConfigurationIsVisible = 0;
			defaultConfigurationName = Release;
		};
/* End XCConfigurationList section */
	};
	rootObject = 591FE59F1E5696090052D71B /* Project object */;
}
